
Microsoft Visual Studio Solution File, Format Version 12.00
# Visual Studio Version 16
VisualStudioVersion = 16.0.31727.386
MinimumVisualStudioVersion = 10.0.40219.1
Project("{9A19103F-16F7-4668-BE54-9A1E7A4F7556}") = "ConsoleApp1", "ConsoleApp1\ConsoleApp1.csproj", "{467C2572-8BAB-417B-B050-852FE0BDDD8A}"
EndProject
Project("{FAE04EC0-301F-11D3-BF4B-00C04F79EFBC}") = "TestProject1", "TestProject1\TestProject1.csproj", "{ABFAF314-DFD8-4EEE-B575-D14BB24C12B5}"
EndProject
Global
	GlobalSection(SolutionConfigurationPlatforms) = preSolution
		Debug|Any CPU = Debug|Any CPU
		Release|Any CPU = Release|Any CPU
	EndGlobalSection
	GlobalSection(ProjectConfigurationPlatforms) = postSolution
		{467C2572-8BAB-417B-B050-852FE0BDDD8A}.Debug|Any CPU.ActiveCfg = Debug|Any CPU
		{467C2572-8BAB-417B-B050-852FE0BDDD8A}.Debug|Any CPU.Build.0 = Debug|Any CPU
		{467C2572-8BAB-417B-B050-852FE0BDDD8A}.Release|Any CPU.ActiveCfg = Release|Any CPU
		{467C2572-8BAB-417B-B050-852FE0BDDD8A}.Release|Any CPU.Build.0 = Release|Any CPU
		{ABFAF314-DFD8-4EEE-B575-D14BB24C12B5}.Debug|Any CPU.ActiveCfg = Debug|Any CPU
		{ABFAF314-DFD8-4EEE-B575-D14BB24C12B5}.Debug|Any CPU.Build.0 = Debug|Any CPU
		{ABFAF314-DFD8-4EEE-B575-D14BB24C12B5}.Release|Any CPU.ActiveCfg = Release|Any CPU
		{ABFAF314-DFD8-4EEE-B575-D14BB24C12B5}.Release|Any CPU.Build.0 = Release|Any CPU
	EndGlobalSection
	GlobalSection(SolutionProperties) = preSolution
		HideSolutionNode = FALSE
	EndGlobalSection
	GlobalSection(ExtensibilityGlobals) = postSolution
		SolutionGuid = {00A6FACD-7DB3-47F2-89F5-5A35C9CE23FA}
	EndGlobalSection
EndGlobal
