{
  "version": 1,
  "dependencies": {
    ".NETCoreApp,Version=v5.0": {
      "AutoMapper": {
        "type": "Direct",
        "requested": "[10.1.1, )",
        "resolved": "10.1.1",
        "contentHash": "uMgbqOdu9ZG5cIOty0C85hzzayBH2i9BthnS5FlMqKtMSHDv4ts81a2jS1VFaDBVhlBeIqJ/kQKjQY95BZde9w==",
        "dependencies": {
          "Microsoft.CSharp": "4.7.0",
          "System.Reflection.Emit": "4.7.0"
        }
      },
      "AutoMapper.Extensions.Microsoft.DependencyInjection": {
        "type": "Direct",
        "requested": "[8.1.1, )",
        "resolved": "8.1.1",
        "contentHash": "xSWoVzOipuDU4PeZcUfaZQ+xqXU8QmGv5jrdlxt3MYm9xaOmrefqcfzGQ3SQ+D+8wfBa/ZwSuL0qKOVj080inA==",
        "dependencies": {
          "AutoMapper": "[10.1.1, 11.0.0)",
          "Microsoft.Extensions.DependencyInjection.Abstractions": "3.0.0",
          "Microsoft.Extensions.Options": "3.0.0"
        }
      },
      "Microsoft.AspNetCore.Mvc.Versioning": {
        "type": "Direct",
        "requested": "[5.0.0, )",
        "resolved": "5.0.0",
        "contentHash": "mN9IARvNpHMBD2/oGmp5Bxp1Dg45Hfcp+LWaAyTtL2HisWLMOIcf0Ox1qW9IvCvdbHM+2A9dWEInhiqBsNxsJA=="
      },
      "Microsoft.EntityFrameworkCore": {
        "type": "Direct",
        "requested": "[5.0.11, )",
        "resolved": "5.0.11",
        "contentHash": "2DQJvH6NRPRKPOR6ZaJe2pDn0bSpQZSzHk+7QatFo06KfvP3Tixy5DAOviXkP6963FEQMuVDSvZef1amORBnaw==",
        "dependencies": {
          "Microsoft.EntityFrameworkCore.Abstractions": "5.0.11",
          "Microsoft.EntityFrameworkCore.Analyzers": "5.0.11",
          "Microsoft.Extensions.Caching.Memory": "5.0.0",
          "Microsoft.Extensions.DependencyInjection": "5.0.2",
          "Microsoft.Extensions.Logging": "5.0.0",
          "System.Collections.Immutable": "5.0.0",
          "System.ComponentModel.Annotations": "5.0.0",
          "System.Diagnostics.DiagnosticSource": "5.0.1"
        }
      },
      "Microsoft.VisualStudio.Azure.Containers.Tools.Targets": {
        "type": "Direct",
        "requested": "[1.14.0, )",
        "resolved": "1.14.0",
        "contentHash": "yORzATlNmCp4kEwkxznLZ3maTaUJc5yTcu3aPufY8Tq4141/bRRWsa91u8I24MR3BTCCJlZO98xuQWB4arlKCw=="
      },
      "Oracle.EntityFrameworkCore": {
        "type": "Direct",
        "requested": "[5.21.3, )",
        "resolved": "5.21.3",
        "contentHash": "AYsMpQQ/pQg9/yMV+gH0RWGRfNZN3N+v2Hy8wWpPuHyGjZ7aPh4SiCaK/UioOJMwVwGPKhe4+8M3MWPj+IQarg==",
        "dependencies": {
          "Microsoft.EntityFrameworkCore.Relational": "[5.0.6, 6.0.0)",
          "Oracle.ManagedDataAccess.Core": "[3.21.3, 3.22.0)"
        }
      },
      "System.Drawing.Common": {
        "type": "Direct",
        "requested": "[5.0.2, )",
        "resolved": "5.0.2",
        "contentHash": "rvr/M1WPf24ljpvvrVd74+NdjRUJu1bBkspkZcnzSZnmAUQWSvanlQ0k/hVHk+cHufZbZfu7vOh/vYc0q5Uu/A==",
        "dependencies": {
          "Microsoft.Win32.SystemEvents": "5.0.0"
        }
      },
      "Microsoft.CSharp": {
        "type": "Transitive",
        "resolved": "4.7.0",
        "contentHash": "pTj+D3uJWyN3My70i2Hqo+OXixq3Os2D1nJ2x92FFo6sk8fYS1m1WLNTs0Dc1uPaViH0YvEEwvzddQ7y4rhXmA=="
      },
      "Microsoft.EntityFrameworkCore.Abstractions": {
        "type": "Transitive",
        "resolved": "5.0.11",
        "contentHash": "Ut1BeIwAavUncIChZ0jM7qdqVsnLI1i2eCn/7rdqpVW/JldPFMQzlCMBtiq7dGuVMSniDNUnc93olYtttyD/Fg=="
      },
      "Microsoft.EntityFrameworkCore.Analyzers": {
        "type": "Transitive",
        "resolved": "5.0.11",
        "contentHash": "6vCGQY0H667qkV5fGuhHzWPveF0dpEwEs9xQyDgamwxkIN7LrPHQGp2eOXj6xVF+i8noTLtTR4sNMizKSnI2JA=="
      },
      "Microsoft.EntityFrameworkCore.Relational": {
        "type": "Transitive",
        "resolved": "5.0.6",
        "contentHash": "zzmO/cAcvsFeU3Ey6643GiLl4hCgGpWdcCW8LHsHP35zmfTirnjm2PrB+wf1wYQlPNyGT9+uypbVSoOopg58Mg==",
        "dependencies": {
          "Microsoft.EntityFrameworkCore": "5.0.6",
          "Microsoft.Extensions.Configuration.Abstractions": "5.0.0"
        }
      },
      "Microsoft.Extensions.Caching.Abstractions": {
        "type": "Transitive",
        "resolved": "5.0.0",
        "contentHash": "bu8As90/SBAouMZ6fJ+qRNo1X+KgHGrVueFhhYi+E5WqEhcnp2HoWRFnMzXQ6g4RdZbvPowFerSbKNH4Dtg5yg==",
        "dependencies": {
          "Microsoft.Extensions.Primitives": "5.0.0"
        }
      },
      "Microsoft.Extensions.Caching.Memory": {
        "type": "Transitive",
        "resolved": "5.0.0",
        "contentHash": "/1qPCleFOkJe0O+xmFqCNLFYQZTJz965sVw8CUB/BQgsApBwzAUsL2BUkDvQW+geRUVTXUS9zLa0pBjC2VJ1gA==",
        "dependencies": {
          "Microsoft.Extensions.Caching.Abstractions": "5.0.0",
          "Microsoft.Extensions.DependencyInjection.Abstractions": "5.0.0",
          "Microsoft.Extensions.Logging.Abstractions": "5.0.0",
          "Microsoft.Extensions.Options": "5.0.0",
          "Microsoft.Extensions.Primitives": "5.0.0"
        }
      },
      "Microsoft.Extensions.Configuration.Abstractions": {
        "type": "Transitive",
        "resolved": "5.0.0",
        "contentHash": "ETjSBHMp3OAZ4HxGQYpwyGsD8Sw5FegQXphi0rpoGMT74S4+I2mm7XJEswwn59XAaKOzC15oDSOWEE8SzDCd6Q==",
        "dependencies": {
          "Microsoft.Extensions.Primitives": "5.0.0"
        }
      },
      "Microsoft.Extensions.DependencyInjection": {
        "type": "Transitive",
        "resolved": "5.0.2",
        "contentHash": "xzFW00AZEvOXM1OX+0+AYH5op/Hf3u//e6wszBd/rK72sypD+jx5CtsHxM4BVuFBEs8SajfO4QzSJtrQaHDr4A==",
        "dependencies": {
          "Microsoft.Extensions.DependencyInjection.Abstractions": "5.0.0"
        }
      },
      "Microsoft.Extensions.DependencyInjection.Abstractions": {
        "type": "Transitive",
        "resolved": "5.0.0",
        "contentHash": "ORj7Zh81gC69TyvmcUm9tSzytcy8AVousi+IVRAI8nLieQjOFryRusSFh7+aLk16FN9pQNqJAiMd7BTKINK0kA=="
      },
      "Microsoft.Extensions.Logging": {
        "type": "Transitive",
        "resolved": "5.0.0",
        "contentHash": "MgOwK6tPzB6YNH21wssJcw/2MKwee8b2gI7SllYfn6rvTpIrVvVS5HAjSU2vqSku1fwqRvWP0MdIi14qjd93Aw==",
        "dependencies": {
          "Microsoft.Extensions.DependencyInjection": "5.0.0",
          "Microsoft.Extensions.DependencyInjection.Abstractions": "5.0.0",
          "Microsoft.Extensions.Logging.Abstractions": "5.0.0",
          "Microsoft.Extensions.Options": "5.0.0"
        }
      },
      "Microsoft.Extensions.Logging.Abstractions": {
        "type": "Transitive",
        "resolved": "5.0.0",
        "contentHash": "NxP6ahFcBnnSfwNBi2KH2Oz8Xl5Sm2krjId/jRR3I7teFphwiUoUeZPwTNA21EX+5PtjqmyAvKaOeBXcJjcH/w=="
      },
      "Microsoft.Extensions.Options": {
        "type": "Transitive",
        "resolved": "5.0.0",
        "contentHash": "CBvR92TCJ5uBIdd9/HzDSrxYak+0W/3+yxrNg8Qm6Bmrkh5L+nu6m3WeazQehcZ5q1/6dDA7J5YdQjim0165zg==",
        "dependencies": {
          "Microsoft.Extensions.DependencyInjection.Abstractions": "5.0.0",
          "Microsoft.Extensions.Primitives": "5.0.0"
        }
      },
      "Microsoft.Extensions.Primitives": {
        "type": "Transitive",
        "resolved": "5.0.0",
        "contentHash": "cI/VWn9G1fghXrNDagX9nYaaB/nokkZn0HYAawGaELQrl8InSezfe9OnfPZLcJq3esXxygh3hkq2c3qoV3SDyQ=="
      },
      "Microsoft.NETCore.Platforms": {
        "type": "Transitive",
        "resolved": "5.0.1",
        "contentHash": "z3YFkbnl1RMj6lb+Bm/2tsZ0cJCULlB4uPOFqlj6dNSm/8feJl4UrXmG6TcZh8ipJQwkAS5I6UCs1FnGog4QZg=="
      },
      "Microsoft.Win32.Registry": {
        "type": "Transitive",
        "resolved": "5.0.0",
        "contentHash": "dDoKi0PnDz31yAyETfRntsLArTlVAVzUzCIvvEDsDsucrl33Dl8pIJG06ePTJTI3tGpeyHS9Cq7Foc/s4EeKcg==",
        "dependencies": {
          "System.Security.AccessControl": "5.0.0",
          "System.Security.Principal.Windows": "5.0.0"
        }
      },
      "Microsoft.Win32.SystemEvents": {
        "type": "Transitive",
        "resolved": "5.0.0",
        "contentHash": "Bh6blKG8VAKvXiLe2L+sEsn62nc1Ij34MrNxepD2OCrS5cpCwQa9MeLyhVQPQ/R4Wlzwuy6wMK8hLb11QPDRsQ==",
        "dependencies": {
          "Microsoft.NETCore.Platforms": "5.0.0"
        }
      },
      "Oracle.ManagedDataAccess.Core": {
        "type": "Transitive",
        "resolved": "3.21.3",
        "contentHash": "GKnvuXPWHHuSFSHAQIalXrmTfdu9wfLXL+gZQcwtlUQHwNmQcuxWt5SbET8E67Rrkn4/5ushZ0eG2bYAYvZoWw==",
        "dependencies": {
          "System.Diagnostics.PerformanceCounter": "5.0.1",
          "System.DirectoryServices": "5.0.0",
          "System.DirectoryServices.Protocols": "5.0.0"
        }
      },
      "System.Collections.Immutable": {
        "type": "Transitive",
        "resolved": "5.0.0",
        "contentHash": "FXkLXiK0sVVewcso0imKQoOxjoPAj42R8HtjjbSjVPAzwDfzoyoznWxgA3c38LDbN9SJux1xXoXYAhz98j7r2g=="
      },
      "System.ComponentModel.Annotations": {
        "type": "Transitive",
        "resolved": "5.0.0",
        "contentHash": "dMkqfy2el8A8/I76n2Hi1oBFEbG1SfxD2l5nhwXV3XjlnOmwxJlQbYpJH4W51odnU9sARCSAgv7S3CyAFMkpYg=="
      },
      "System.Configuration.ConfigurationManager": {
        "type": "Transitive",
        "resolved": "5.0.0",
        "contentHash": "aM7cbfEfVNlEEOj3DsZP+2g9NRwbkyiAv2isQEzw7pnkDg9ekCU2m1cdJLM02Uq691OaCS91tooaxcEn8d0q5w==",
        "dependencies": {
          "System.Security.Cryptography.ProtectedData": "5.0.0",
          "System.Security.Permissions": "5.0.0"
        }
      },
      "System.Diagnostics.DiagnosticSource": {
        "type": "Transitive",
        "resolved": "5.0.1",
        "contentHash": "uXQEYqav2V3zP6OwkOKtLv+qIi6z3m1hsGyKwXX7ZA7htT4shoVccGxnJ9kVRFPNAsi1ArZTq2oh7WOto6GbkQ=="
      },
      "System.Diagnostics.PerformanceCounter": {
        "type": "Transitive",
        "resolved": "5.0.1",
        "contentHash": "omeUtUiY6Mqhfspdujqh0JJ2fLyb+kz+hhAxqgaUUpxlvHFtXVw7i/JjbA426hiZstzUL0GuXFGjTjmcx0ts/w==",
        "dependencies": {
          "Microsoft.NETCore.Platforms": "5.0.1",
          "Microsoft.Win32.Registry": "5.0.0",
          "System.Configuration.ConfigurationManager": "5.0.0",
          "System.Security.Principal.Windows": "5.0.0"
        }
      },
      "System.DirectoryServices": {
        "type": "Transitive",
        "resolved": "5.0.0",
        "contentHash": "lAS54Y3KO1XV68akGa0/GJeddkkuuiv2CtcSkMiTmLHQ6o6kFbKpw4DmJZADF7a6KjPwYxmZnH4D3eGicrJdcg==",
        "dependencies": {
          "Microsoft.NETCore.Platforms": "5.0.0",
          "System.IO.FileSystem.AccessControl": "5.0.0",
          "System.Security.AccessControl": "5.0.0",
          "System.Security.Permissions": "5.0.0",
          "System.Security.Principal.Windows": "5.0.0"
        }
      },
      "System.DirectoryServices.Protocols": {
        "type": "Transitive",
        "resolved": "5.0.0",
        "contentHash": "uQvO3kpXBDCoRQecbY8yXiQTVBT5t6ZMCZwBsyGFeCL0KUTlNJDsaIx+hsqCKF+bLglaYyz5nWLVRaxPKVeBBw==",
        "dependencies": {
          "Microsoft.NETCore.Platforms": "5.0.0",
          "System.Security.Principal.Windows": "5.0.0"
        }
      },
      "System.IO.FileSystem.AccessControl": {
        "type": "Transitive",
        "resolved": "5.0.0",
        "contentHash": "SxHB3nuNrpptVk+vZ/F+7OHEpoHUIKKMl02bUmYHQr1r+glbZQxs7pRtsf4ENO29TVm2TH3AEeep2fJcy92oYw==",
        "dependencies": {
          "System.Security.AccessControl": "5.0.0",
          "System.Security.Principal.Windows": "5.0.0"
        }
      },
      "System.Reflection.Emit": {
        "type": "Transitive",
        "resolved": "4.7.0",
        "contentHash": "VR4kk8XLKebQ4MZuKuIni/7oh+QGFmZW3qORd1GvBq/8026OpW501SzT/oypwiQl4TvT8ErnReh/NzY9u+C6wQ=="
      },
      "System.Security.AccessControl": {
        "type": "Transitive",
        "resolved": "5.0.0",
        "contentHash": "dagJ1mHZO3Ani8GH0PHpPEe/oYO+rVdbQjvjJkBRNQkX4t0r1iaeGn8+/ybkSLEan3/slM0t59SVdHzuHf2jmw==",
        "dependencies": {
          "Microsoft.NETCore.Platforms": "5.0.0",
          "System.Security.Principal.Windows": "5.0.0"
        }
      },
      "System.Security.Cryptography.ProtectedData": {
        "type": "Transitive",
        "resolved": "5.0.0",
        "contentHash": "HGxMSAFAPLNoxBvSfW08vHde0F9uh7BjASwu6JF9JnXuEPhCY3YUqURn0+bQV/4UWeaqymmrHWV+Aw9riQCtCA=="
      },
      "System.Security.Permissions": {
        "type": "Transitive",
        "resolved": "5.0.0",
        "contentHash": "uE8juAhEkp7KDBCdjDIE3H9R1HJuEHqeqX8nLX9gmYKWwsqk3T5qZlPx8qle5DPKimC/Fy3AFTdV7HamgCh9qQ==",
        "dependencies": {
          "System.Security.AccessControl": "5.0.0",
          "System.Windows.Extensions": "5.0.0"
        }
      },
      "System.Security.Principal.Windows": {
        "type": "Transitive",
        "resolved": "5.0.0",
        "contentHash": "t0MGLukB5WAVU9bO3MGzvlGnyJPgUlcwerXn1kzBRjwLKixT96XV0Uza41W49gVd8zEMFu9vQEFlv0IOrytICA=="
      },
      "System.Windows.Extensions": {
        "type": "Transitive",
        "resolved": "5.0.0",
        "contentHash": "c1ho9WU9ZxMZawML+ssPKZfdnrg/OjR3pe0m9v8230z3acqphwvPJqzAkH54xRYm5ntZHGG1EPP3sux9H3qSPg==",
        "dependencies": {
          "System.Drawing.Common": "5.0.0"
        }
      }
    }
  }
}